
Microsoft Visual Studio Solution File, Format Version 12.00
# Visual Studio Version 16
VisualStudioVersion = 16.0.29123.88
MinimumVisualStudioVersion = 10.0.40219.1
Project("{FAE04EC0-301F-11D3-BF4B-00C04F79EFBC}") = "SNAT", "SNAT\SNAT.csproj", "{C5C630FB-5D41-4E0D-8EAC-4C9A75DADE0B}"
EndProject
Global
	GlobalSection(SolutionConfigurationPlatforms) = preSolution
		Debug|Any CPU = Debug|Any CPU
		Release|Any CPU = Release|Any CPU
	EndGlobalSection
	GlobalSection(ProjectConfigurationPlatforms) = postSolution
		{C5C630FB-5D41-4E0D-8EAC-4C9A75DADE0B}.Debug|Any CPU.ActiveCfg = Debug|Any CPU
		{C5C630FB-5D41-4E0D-8EAC-4C9A75DADE0B}.Debug|Any CPU.Build.0 = Debug|Any CPU
		{C5C630FB-5D41-4E0D-8EAC-4C9A75DADE0B}.Release|Any CPU.ActiveCfg = Release|Any CPU
		{C5C630FB-5D41-4E0D-8EAC-4C9A75DADE0B}.Release|Any CPU.Build.0 = Release|Any CPU
	EndGlobalSection
	GlobalSection(SolutionProperties) = preSolution
		HideSolutionNode = FALSE
	EndGlobalSection
	GlobalSection(ExtensibilityGlobals) = postSolution
		SolutionGuid = {66D0586D-2985-4BEA-9535-43D7CC5139CE}
	EndGlobalSection
EndGlobal
